github.com/mattn/go-isatty v0.0.13 h1:qdl+GuBjcsKKDco5BsxPJlId98mSWNKqYA+Co0SC1yA=
github.com/mattn/go-isatty v0.0.13/go.mod h1:cbi8OIDigv2wuxKPP5vlRcQ1OAZbq2CE4Kysco4FUpU=
github.com/thehungry-dev/asserting v0.2.0/go.mod h1:rwslLo/jyrmtsHYm8f9YIuI2qKwUQAQUR/oCz1jeN6A=
github.com/thehungry-dev/cog v0.2.1 h1:E7xk4Gq/Vnsp6NkMzivWun0FPoF8dlowyvgiSUxg71Q=
github.com/thehungry-dev/cog v0.2.1/go.mod h1:oQf1HVsNitJzn1kJrEMzFw9IErfg9u7DIheplSQw0+8=
golang.org/x/sys v0.0.0-20200116001909-b77594299b42 h1:vEOn+mP2zCOVzKckCZy6YsCtDblrpj/w7B9nxGNELpg=
golang.org/x/sys v0.0.0-20200116001909-b77594299b42/go.mod h1:h1NjWce9XRLGQEsW7wpKNCjG9DtNlClVuFLEZdDNbEs=
